
Microsoft Visual Studio Solution File, Format Version 12.00
# Visual Studio Version 16
VisualStudioVersion = 16.0.30320.27
MinimumVisualStudioVersion = 10.0.40219.1
Project("{FAE04EC0-301F-11D3-BF4B-00C04F79EFBC}") = "Estudiantes", "Estudiantes\Estudiantes.csproj", "{F1ED4CBC-396A-4A38-ADAF-476B9427FC3A}"
EndProject
Project("{FAE04EC0-301F-11D3-BF4B-00C04F79EFBC}") = "Data", "Data\Data.csproj", "{97E1EAD9-38F0-4EE6-A46A-404980F68D77}"
EndProject
Project("{FAE04EC0-301F-11D3-BF4B-00C04F79EFBC}") = "Logica", "Logica\Logica.csproj", "{6E5D419E-CA0C-41BD-A8A3-34F8E27E69C2}"
EndProject
Global
	GlobalSection(SolutionConfigurationPlatforms) = preSolution
		Debug|Any CPU = Debug|Any CPU
		Release|Any CPU = Release|Any CPU
	EndGlobalSection
	GlobalSection(ProjectConfigurationPlatforms) = postSolution
		{F1ED4CBC-396A-4A38-ADAF-476B9427FC3A}.Debug|Any CPU.ActiveCfg = Debug|Any CPU
		{F1ED4CBC-396A-4A38-ADAF-476B9427FC3A}.Debug|Any CPU.Build.0 = Debug|Any CPU
		{F1ED4CBC-396A-4A38-ADAF-476B9427FC3A}.Release|Any CPU.ActiveCfg = Release|Any CPU
		{F1ED4CBC-396A-4A38-ADAF-476B9427FC3A}.Release|Any CPU.Build.0 = Release|Any CPU
		{97E1EAD9-38F0-4EE6-A46A-404980F68D77}.Debug|Any CPU.ActiveCfg = Debug|Any CPU
		{97E1EAD9-38F0-4EE6-A46A-404980F68D77}.Debug|Any CPU.Build.0 = Debug|Any CPU
		{97E1EAD9-38F0-4EE6-A46A-404980F68D77}.Release|Any CPU.ActiveCfg = Release|Any CPU
		{97E1EAD9-38F0-4EE6-A46A-404980F68D77}.Release|Any CPU.Build.0 = Release|Any CPU
		{6E5D419E-CA0C-41BD-A8A3-34F8E27E69C2}.Debug|Any CPU.ActiveCfg = Debug|Any CPU
		{6E5D419E-CA0C-41BD-A8A3-34F8E27E69C2}.Debug|Any CPU.Build.0 = Debug|Any CPU
		{6E5D419E-CA0C-41BD-A8A3-34F8E27E69C2}.Release|Any CPU.ActiveCfg = Release|Any CPU
		{6E5D419E-CA0C-41BD-A8A3-34F8E27E69C2}.Release|Any CPU.Build.0 = Release|Any CPU
	EndGlobalSection
	GlobalSection(SolutionProperties) = preSolution
		HideSolutionNode = FALSE
	EndGlobalSection
	GlobalSection(ExtensibilityGlobals) = postSolution
		SolutionGuid = {95505789-814F-4C70-9440-6FD77A4FF0B8}
	EndGlobalSection
EndGlobal
